
Microsoft Visual Studio Solution File, Format Version 12.00
# Visual Studio Version 16
VisualStudioVersion = 16.0.31624.102
MinimumVisualStudioVersion = 10.0.40219.1
Project("{FAE04EC0-301F-11D3-BF4B-00C04F79EFBC}") = "CondicionalesDobles", "CondicionalesDobles\CondicionalesDobles.csproj", "{C2E18A80-CA2A-4DE1-BA4A-4D0E282CA05F}"
EndProject
Global
	GlobalSection(SolutionConfigurationPlatforms) = preSolution
		Debug|Any CPU = Debug|Any CPU
		Release|Any CPU = Release|Any CPU
	EndGlobalSection
	GlobalSection(ProjectConfigurationPlatforms) = postSolution
		{C2E18A80-CA2A-4DE1-BA4A-4D0E282CA05F}.Debug|Any CPU.ActiveCfg = Debug|Any CPU
		{C2E18A80-CA2A-4DE1-BA4A-4D0E282CA05F}.Debug|Any CPU.Build.0 = Debug|Any CPU
		{C2E18A80-CA2A-4DE1-BA4A-4D0E282CA05F}.Release|Any CPU.ActiveCfg = Release|Any CPU
		{C2E18A80-CA2A-4DE1-BA4A-4D0E282CA05F}.Release|Any CPU.Build.0 = Release|Any CPU
	EndGlobalSection
	GlobalSection(SolutionProperties) = preSolution
		HideSolutionNode = FALSE
	EndGlobalSection
	GlobalSection(ExtensibilityGlobals) = postSolution
		SolutionGuid = {49D0A24E-5394-4747-ACD0-7FC8BDEE5E29}
	EndGlobalSection
EndGlobal
